
Microsoft Visual Studio Solution File, Format Version 12.00
# Visual Studio 15
VisualStudioVersion = 15.0.28010.2019
MinimumVisualStudioVersion = 10.0.40219.1
Project("{9092AA53-FB77-4645-B42D-1CCCA6BD08BD}") = "fullstack", "fullstack\fullstack.njsproj", "{940B80A4-7E3D-4AFA-88F2-3258CEDFA119}"
EndProject
Global
	GlobalSection(SolutionConfigurationPlatforms) = preSolution
		Debug|Any CPU = Debug|Any CPU
		Release|Any CPU = Release|Any CPU
	EndGlobalSection
	GlobalSection(ProjectConfigurationPlatforms) = postSolution
		{940B80A4-7E3D-4AFA-88F2-3258CEDFA119}.Debug|Any CPU.ActiveCfg = Debug|Any CPU
		{940B80A4-7E3D-4AFA-88F2-3258CEDFA119}.Debug|Any CPU.Build.0 = Debug|Any CPU
		{940B80A4-7E3D-4AFA-88F2-3258CEDFA119}.Release|Any CPU.ActiveCfg = Release|Any CPU
		{940B80A4-7E3D-4AFA-88F2-3258CEDFA119}.Release|Any CPU.Build.0 = Release|Any CPU
	EndGlobalSection
	GlobalSection(SolutionProperties) = preSolution
		HideSolutionNode = FALSE
	EndGlobalSection
	GlobalSection(ExtensibilityGlobals) = postSolution
		SolutionGuid = {F037593C-39B3-42A1-8BC6-D4508BFE35AB}
	EndGlobalSection
EndGlobal
